
Microsoft Visual Studio Solution File, Format Version 12.00
# Visual Studio 15
VisualStudioVersion = 15.0.28307.102
MinimumVisualStudioVersion = 10.0.40219.1
Project("{FAE04EC0-301F-11D3-BF4B-00C04F79EFBC}") = "MyWebApp.API", "MyWebApp.API\MyWebApp.API.csproj", "{44962A34-E702-417D-986D-DC6F993554DF}"
EndProject
Global
	GlobalSection(SolutionConfigurationPlatforms) = preSolution
		Debug|Any CPU = Debug|Any CPU
		Release|Any CPU = Release|Any CPU
	EndGlobalSection
	GlobalSection(ProjectConfigurationPlatforms) = postSolution
		{44962A34-E702-417D-986D-DC6F993554DF}.Debug|Any CPU.ActiveCfg = Debug|Any CPU
		{44962A34-E702-417D-986D-DC6F993554DF}.Debug|Any CPU.Build.0 = Debug|Any CPU
		{44962A34-E702-417D-986D-DC6F993554DF}.Release|Any CPU.ActiveCfg = Release|Any CPU
		{44962A34-E702-417D-986D-DC6F993554DF}.Release|Any CPU.Build.0 = Release|Any CPU
	EndGlobalSection
	GlobalSection(SolutionProperties) = preSolution
		HideSolutionNode = FALSE
	EndGlobalSection
	GlobalSection(ExtensibilityGlobals) = postSolution
		SolutionGuid = {4370274E-98AC-499E-A06C-C75A367BFC71}
	EndGlobalSection
EndGlobal
